<?xml version="1.0" encoding="utf-8"?>
<Project ToolsVersion="4.0" xmlns="http://schemas.microsoft.com/developer/msbuild/2003">
  <ItemGroup>
    <Filter Include="Source Files">
      <UniqueIdentifier>{4FC737F1-C7A5-4376-A066-2A32D752A2FF}</UniqueIdentifier>
      <Extensions>cpp;c;cc;cxx;def;odl;idl;hpj;bat;asm;asmx</Extensions>
    </Filter>
    <Filter Include="Header Files">
      <UniqueIdentifier>{93995380-89BD-4b04-88EB-625FBE52EBFB}</UniqueIdentifier>
      <Extensions>h;hh;hpp;hxx;hm;inl;inc;xsd</Extensions>
    </Filter>
    <Filter Include="Resource Files">
      <UniqueIdentifier>{67DA6AB6-F800-4c08-8B7A-83BB121AAD01}</UniqueIdentifier>
      <Extensions>rc;ico;cur;bmp;dlg;rc2;rct;bin;rgs;gif;jpg;jpeg;jpe;resx;tiff;tif;png;wav;mfcribbon-ms</Extensions>
    </Filter>
    <Filter Include="Source Files\IMGUI">
      <UniqueIdentifier>{fb01f1e7-59ea-4851-8fcd-761ff4f07b26}</UniqueIdentifier>
    </Filter>
    <Filter Include="Header Files\IMGUI">
      <UniqueIdentifier>{c9668eae-c80f-4642-8bef-81f2a49e61fd}</UniqueIdentifier>
    </Filter>
    <Filter Include="Header Files\Math">
      <UniqueIdentifier>{6afc4f83-c8ae-4ff6-b098-a47a32f4952b}</UniqueIdentifier>
    </Filter>
  </ItemGroup>
  <ItemGroup>
    <ClCompile Include="main.cpp">
      <Filter>Source Files</Filter>
    </ClCompile>
    <ClCompile Include="Application.cpp">
      <Filter>Source Files</Filter>
    </ClCompile>
    <ClCompile Include="VulkanApi.cpp">
      <Filter>Source Files</Filter>
    </ClCompile>
    <ClCompile Include="Window.cpp">
      <Filter>Source Files</Filter>
    </ClCompile>
    <ClCompile Include="VulkanExtensions.cpp">
      <Filter>Source Files</Filter>
    </ClCompile>
    <ClCompile Include="ProceduralCompute.cpp">
      <Filter>Source Files</Filter>
    </ClCompile>
    <ClCompile Include="..\libs\imgui\examples\imgui_impl_glfw.cpp">
      <Filter>Source Files\IMGUI</Filter>
    </ClCompile>
    <ClCompile Include="..\libs\imgui\examples\imgui_impl_vulkan.cpp">
      <Filter>Source Files\IMGUI</Filter>
    </ClCompile>
    <ClCompile Include="..\libs\imgui\imgui.cpp">
      <Filter>Source Files\IMGUI</Filter>
    </ClCompile>
    <ClCompile Include="..\libs\imgui\imgui_draw.cpp">
      <Filter>Source Files\IMGUI</Filter>
    </ClCompile>
    <ClCompile Include="..\libs\imgui\imgui_widgets.cpp">
      <Filter>Source Files\IMGUI</Filter>
    </ClCompile>
    <ClCompile Include="Scene.cpp">
      <Filter>Source Files</Filter>
    </ClCompile>
  </ItemGroup>
  <ItemGroup>
    <ClInclude Include="Application.h">
      <Filter>Header Files</Filter>
    </ClInclude>
    <ClInclude Include="VulkanApi.h">
      <Filter>Header Files</Filter>
    </ClInclude>
    <ClInclude Include="Window.h">
      <Filter>Header Files</Filter>
    </ClInclude>
    <ClInclude Include="VulkanExtensions.h">
      <Filter>Header Files</Filter>
    </ClInclude>
    <ClInclude Include="ProceduralCompute.h">
      <Filter>Header Files</Filter>
    </ClInclude>
    <ClInclude Include="Geometry.h">
      <Filter>Header Files</Filter>
    </ClInclude>
    <ClInclude Include="..\libs\imgui\imconfig.h">
      <Filter>Header Files\IMGUI</Filter>
    </ClInclude>
    <ClInclude Include="..\libs\imgui\imgui.h">
      <Filter>Header Files\IMGUI</Filter>
    </ClInclude>
    <ClInclude Include="..\libs\imgui\imgui_internal.h">
      <Filter>Header Files\IMGUI</Filter>
    </ClInclude>
    <ClInclude Include="..\libs\imgui\imstb_rectpack.h">
      <Filter>Header Files\IMGUI</Filter>
    </ClInclude>
    <ClInclude Include="..\libs\imgui\imstb_textedit.h">
      <Filter>Header Files\IMGUI</Filter>
    </ClInclude>
    <ClInclude Include="..\libs\imgui\imstb_truetype.h">
      <Filter>Header Files\IMGUI</Filter>
    </ClInclude>
    <ClInclude Include="..\libs\imgui\examples\imgui_impl_glfw.h">
      <Filter>Header Files\IMGUI</Filter>
    </ClInclude>
    <ClInclude Include="..\libs\imgui\examples\imgui_impl_vulkan.h">
      <Filter>Header Files\IMGUI</Filter>
    </ClInclude>
    <ClInclude Include="..\Engine\math\color32.h">
      <Filter>Header Files\Math</Filter>
    </ClInclude>
    <ClInclude Include="..\Engine\math\colorHDR.h">
      <Filter>Header Files\Math</Filter>
    </ClInclude>
    <ClInclude Include="..\Engine\math\mat3.h">
      <Filter>Header Files\Math</Filter>
    </ClInclude>
    <ClInclude Include="..\Engine\math\mat4.h">
      <Filter>Header Files\Math</Filter>
    </ClInclude>
    <ClInclude Include="..\Engine\math\norm3.h">
      <Filter>Header Files\Math</Filter>
    </ClInclude>
    <ClInclude Include="..\Engine\math\point3.h">
      <Filter>Header Files\Math</Filter>
    </ClInclude>
    <ClInclude Include="..\Engine\math\print.h">
      <Filter>Header Files\Math</Filter>
    </ClInclude>
    <ClInclude Include="..\Engine\math\quat.h">
      <Filter>Header Files\Math</Filter>
    </ClInclude>
    <ClInclude Include="..\Engine\math\scientific.h">
      <Filter>Header Files\Math</Filter>
    </ClInclude>
    <ClInclude Include="..\Engine\math\uv2.h">
      <Filter>Header Files\Math</Filter>
    </ClInclude>
    <ClInclude Include="..\Engine\math\vec2.h">
      <Filter>Header Files\Math</Filter>
    </ClInclude>
    <ClInclude Include="..\Engine\math\vec3.h">
      <Filter>Header Files\Math</Filter>
    </ClInclude>
    <ClInclude Include="Scene.h">
      <Filter>Header Files</Filter>
    </ClInclude>
  </ItemGroup>
  <ItemGroup>
    <None Include="..\Engine\math\color32.inl">
      <Filter>Header Files\Math</Filter>
    </None>
    <None Include="..\Engine\math\colorHDR.inl">
      <Filter>Header Files\Math</Filter>
    </None>
    <None Include="..\Engine\math\mat3.inl">
      <Filter>Header Files\Math</Filter>
    </None>
    <None Include="..\Engine\math\mat4.inl">
      <Filter>Header Files\Math</Filter>
    </None>
    <None Include="..\Engine\math\norm3.inl">
      <Filter>Header Files\Math</Filter>
    </None>
    <None Include="..\Engine\math\point3.inl">
      <Filter>Header Files\Math</Filter>
    </None>
    <None Include="..\Engine\math\quat.inl">
      <Filter>Header Files\Math</Filter>
    </None>
    <None Include="..\Engine\math\uv2.inl">
      <Filter>Header Files\Math</Filter>
    </None>
    <None Include="..\Engine\math\vec2.inl">
      <Filter>Header Files\Math</Filter>
    </None>
    <None Include="..\Engine\math\vec3.inl">
      <Filter>Header Files\Math</Filter>
    </None>
  </ItemGroup>
</Project>